
Microsoft Visual Studio Solution File, Format Version 12.00
# Visual Studio Version 17
VisualStudioVersion = 17.6.33829.357
MinimumVisualStudioVersion = 10.0.40219.1
Project("{FAE04EC0-301F-11D3-BF4B-00C04F79EFBC}") = "SandKing.Engine", "Old\SandKing.Engine\SandKing.Engine.csproj", "{6C6E31B3-3984-4C67-B16D-5DF956A0E2EA}"
EndProject
Project("{9A19103F-16F7-4668-BE54-9A1E7A4F7556}") = "SandKing.Physics", "Old\SandKing.Physics\SandKing.Physics.csproj", "{88B8891D-09A6-475A-A8C1-5B519640C0C3}"
EndProject
Project("{9A19103F-16F7-4668-BE54-9A1E7A4F7556}") = "SandKing.Simulation", "Old\SandKing.Simulation\SandKing.Simulation.csproj", "{778B45F0-792D-459D-AC9E-6C84B43B300B}"
EndProject
Project("{2150E333-8FDC-42A3-9474-1A3956D46DE8}") = "Old", "Old", "{9745D504-87A1-4170-B52E-00029AF558D6}"
EndProject
Project("{9A19103F-16F7-4668-BE54-9A1E7A4F7556}") = "SandKing.Engine", "SandKing.Engine\SandKing.Engine.csproj", "{B0C7DA5D-C094-42C4-84C9-FE276F349351}"
EndProject
Project("{9A19103F-16F7-4668-BE54-9A1E7A4F7556}") = "SandKing.FallingSand", "SandKing.FallingSand\SandKing.FallingSand.csproj", "{C7BB077E-DBDF-4DE3-AC7C-BCAC5CB9388D}"
EndProject
Project("{9A19103F-16F7-4668-BE54-9A1E7A4F7556}") = "SandKing.Physics", "SandKing.Physics\SandKing.Physics.csproj", "{48B7591B-352B-4035-BA61-D60D2EA00296}"
EndProject
Project("{FAE04EC0-301F-11D3-BF4B-00C04F79EFBC}") = "FallingSand.Game", "FallingSand.Game\FallingSand.Game.csproj", "{2862CCC8-7A26-44DA-A638-0E2F8D19F796}"
EndProject
Project("{FAE04EC0-301F-11D3-BF4B-00C04F79EFBC}") = "SandKing.Engine.Core", "SandKing.Engine.Core\SandKing.Engine.Core.csproj", "{07E1601D-6E13-4556-B407-E6A72A07B7A6}"
EndProject
Global
	GlobalSection(SolutionConfigurationPlatforms) = preSolution
		Debug|Any CPU = Debug|Any CPU
		Debug|ARM = Debug|ARM
		Debug|ARM64 = Debug|ARM64
		Debug|x64 = Debug|x64
		Debug|x86 = Debug|x86
		Release|Any CPU = Release|Any CPU
		Release|ARM = Release|ARM
		Release|ARM64 = Release|ARM64
		Release|x64 = Release|x64
		Release|x86 = Release|x86
	EndGlobalSection
	GlobalSection(ProjectConfigurationPlatforms) = postSolution
		{6C6E31B3-3984-4C67-B16D-5DF956A0E2EA}.Debug|Any CPU.ActiveCfg = Debug|x64
		{6C6E31B3-3984-4C67-B16D-5DF956A0E2EA}.Debug|Any CPU.Build.0 = Debug|x64
		{6C6E31B3-3984-4C67-B16D-5DF956A0E2EA}.Debug|Any CPU.Deploy.0 = Debug|x64
		{6C6E31B3-3984-4C67-B16D-5DF956A0E2EA}.Debug|ARM.ActiveCfg = Debug|ARM
		{6C6E31B3-3984-4C67-B16D-5DF956A0E2EA}.Debug|ARM.Build.0 = Debug|ARM
		{6C6E31B3-3984-4C67-B16D-5DF956A0E2EA}.Debug|ARM.Deploy.0 = Debug|ARM
		{6C6E31B3-3984-4C67-B16D-5DF956A0E2EA}.Debug|ARM64.ActiveCfg = Debug|ARM64
		{6C6E31B3-3984-4C67-B16D-5DF956A0E2EA}.Debug|ARM64.Build.0 = Debug|ARM64
		{6C6E31B3-3984-4C67-B16D-5DF956A0E2EA}.Debug|ARM64.Deploy.0 = Debug|ARM64
		{6C6E31B3-3984-4C67-B16D-5DF956A0E2EA}.Debug|x64.ActiveCfg = Debug|x64
		{6C6E31B3-3984-4C67-B16D-5DF956A0E2EA}.Debug|x64.Build.0 = Debug|x64
		{6C6E31B3-3984-4C67-B16D-5DF956A0E2EA}.Debug|x64.Deploy.0 = Debug|x64
		{6C6E31B3-3984-4C67-B16D-5DF956A0E2EA}.Debug|x86.ActiveCfg = Debug|x86
		{6C6E31B3-3984-4C67-B16D-5DF956A0E2EA}.Debug|x86.Build.0 = Debug|x86
		{6C6E31B3-3984-4C67-B16D-5DF956A0E2EA}.Debug|x86.Deploy.0 = Debug|x86
		{6C6E31B3-3984-4C67-B16D-5DF956A0E2EA}.Release|Any CPU.ActiveCfg = Release|x64
		{6C6E31B3-3984-4C67-B16D-5DF956A0E2EA}.Release|Any CPU.Build.0 = Release|x64
		{6C6E31B3-3984-4C67-B16D-5DF956A0E2EA}.Release|Any CPU.Deploy.0 = Release|x64
		{6C6E31B3-3984-4C67-B16D-5DF956A0E2EA}.Release|ARM.ActiveCfg = Release|ARM
		{6C6E31B3-3984-4C67-B16D-5DF956A0E2EA}.Release|ARM.Build.0 = Release|ARM
		{6C6E31B3-3984-4C67-B16D-5DF956A0E2EA}.Release|ARM.Deploy.0 = Release|ARM
		{6C6E31B3-3984-4C67-B16D-5DF956A0E2EA}.Release|ARM64.ActiveCfg = Release|ARM64
		{6C6E31B3-3984-4C67-B16D-5DF956A0E2EA}.Release|ARM64.Build.0 = Release|ARM64
		{6C6E31B3-3984-4C67-B16D-5DF956A0E2EA}.Release|ARM64.Deploy.0 = Release|ARM64
		{6C6E31B3-3984-4C67-B16D-5DF956A0E2EA}.Release|x64.ActiveCfg = Release|x64
		{6C6E31B3-3984-4C67-B16D-5DF956A0E2EA}.Release|x64.Build.0 = Release|x64
		{6C6E31B3-3984-4C67-B16D-5DF956A0E2EA}.Release|x64.Deploy.0 = Release|x64
		{6C6E31B3-3984-4C67-B16D-5DF956A0E2EA}.Release|x86.ActiveCfg = Release|x86
		{6C6E31B3-3984-4C67-B16D-5DF956A0E2EA}.Release|x86.Build.0 = Release|x86
		{6C6E31B3-3984-4C67-B16D-5DF956A0E2EA}.Release|x86.Deploy.0 = Release|x86
		{88B8891D-09A6-475A-A8C1-5B519640C0C3}.Debug|Any CPU.ActiveCfg = Debug|Any CPU
		{88B8891D-09A6-475A-A8C1-5B519640C0C3}.Debug|Any CPU.Build.0 = Debug|Any CPU
		{88B8891D-09A6-475A-A8C1-5B519640C0C3}.Debug|ARM.ActiveCfg = Debug|Any CPU
		{88B8891D-09A6-475A-A8C1-5B519640C0C3}.Debug|ARM.Build.0 = Debug|Any CPU
		{88B8891D-09A6-475A-A8C1-5B519640C0C3}.Debug|ARM64.ActiveCfg = Debug|Any CPU
		{88B8891D-09A6-475A-A8C1-5B519640C0C3}.Debug|ARM64.Build.0 = Debug|Any CPU
		{88B8891D-09A6-475A-A8C1-5B519640C0C3}.Debug|x64.ActiveCfg = Debug|Any CPU
		{88B8891D-09A6-475A-A8C1-5B519640C0C3}.Debug|x64.Build.0 = Debug|Any CPU
		{88B8891D-09A6-475A-A8C1-5B519640C0C3}.Debug|x86.ActiveCfg = Debug|Any CPU
		{88B8891D-09A6-475A-A8C1-5B519640C0C3}.Debug|x86.Build.0 = Debug|Any CPU
		{88B8891D-09A6-475A-A8C1-5B519640C0C3}.Release|Any CPU.ActiveCfg = Release|Any CPU
		{88B8891D-09A6-475A-A8C1-5B519640C0C3}.Release|Any CPU.Build.0 = Release|Any CPU
		{88B8891D-09A6-475A-A8C1-5B519640C0C3}.Release|ARM.ActiveCfg = Release|Any CPU
		{88B8891D-09A6-475A-A8C1-5B519640C0C3}.Release|ARM.Build.0 = Release|Any CPU
		{88B8891D-09A6-475A-A8C1-5B519640C0C3}.Release|ARM64.ActiveCfg = Release|Any CPU
		{88B8891D-09A6-475A-A8C1-5B519640C0C3}.Release|ARM64.Build.0 = Release|Any CPU
		{88B8891D-09A6-475A-A8C1-5B519640C0C3}.Release|x64.ActiveCfg = Release|Any CPU
		{88B8891D-09A6-475A-A8C1-5B519640C0C3}.Release|x64.Build.0 = Release|Any CPU
		{88B8891D-09A6-475A-A8C1-5B519640C0C3}.Release|x86.ActiveCfg = Release|Any CPU
		{88B8891D-09A6-475A-A8C1-5B519640C0C3}.Release|x86.Build.0 = Release|Any CPU
		{778B45F0-792D-459D-AC9E-6C84B43B300B}.Debug|Any CPU.ActiveCfg = Debug|Any CPU
		{778B45F0-792D-459D-AC9E-6C84B43B300B}.Debug|Any CPU.Build.0 = Debug|Any CPU
		{778B45F0-792D-459D-AC9E-6C84B43B300B}.Debug|ARM.ActiveCfg = Debug|Any CPU
		{778B45F0-792D-459D-AC9E-6C84B43B300B}.Debug|ARM.Build.0 = Debug|Any CPU
		{778B45F0-792D-459D-AC9E-6C84B43B300B}.Debug|ARM64.ActiveCfg = Debug|Any CPU
		{778B45F0-792D-459D-AC9E-6C84B43B300B}.Debug|ARM64.Build.0 = Debug|Any CPU
		{778B45F0-792D-459D-AC9E-6C84B43B300B}.Debug|x64.ActiveCfg = Debug|Any CPU
		{778B45F0-792D-459D-AC9E-6C84B43B300B}.Debug|x64.Build.0 = Debug|Any CPU
		{778B45F0-792D-459D-AC9E-6C84B43B300B}.Debug|x86.ActiveCfg = Debug|Any CPU
		{778B45F0-792D-459D-AC9E-6C84B43B300B}.Debug|x86.Build.0 = Debug|Any CPU
		{778B45F0-792D-459D-AC9E-6C84B43B300B}.Release|Any CPU.ActiveCfg = Release|Any CPU
		{778B45F0-792D-459D-AC9E-6C84B43B300B}.Release|Any CPU.Build.0 = Release|Any CPU
		{778B45F0-792D-459D-AC9E-6C84B43B300B}.Release|ARM.ActiveCfg = Release|Any CPU
		{778B45F0-792D-459D-AC9E-6C84B43B300B}.Release|ARM.Build.0 = Release|Any CPU
		{778B45F0-792D-459D-AC9E-6C84B43B300B}.Release|ARM64.ActiveCfg = Release|Any CPU
		{778B45F0-792D-459D-AC9E-6C84B43B300B}.Release|ARM64.Build.0 = Release|Any CPU
		{778B45F0-792D-459D-AC9E-6C84B43B300B}.Release|x64.ActiveCfg = Release|Any CPU
		{778B45F0-792D-459D-AC9E-6C84B43B300B}.Release|x64.Build.0 = Release|Any CPU
		{778B45F0-792D-459D-AC9E-6C84B43B300B}.Release|x86.ActiveCfg = Release|Any CPU
		{778B45F0-792D-459D-AC9E-6C84B43B300B}.Release|x86.Build.0 = Release|Any CPU
		{B0C7DA5D-C094-42C4-84C9-FE276F349351}.Debug|Any CPU.ActiveCfg = Debug|Any CPU
		{B0C7DA5D-C094-42C4-84C9-FE276F349351}.Debug|Any CPU.Build.0 = Debug|Any CPU
		{B0C7DA5D-C094-42C4-84C9-FE276F349351}.Debug|ARM.ActiveCfg = Debug|Any CPU
		{B0C7DA5D-C094-42C4-84C9-FE276F349351}.Debug|ARM.Build.0 = Debug|Any CPU
		{B0C7DA5D-C094-42C4-84C9-FE276F349351}.Debug|ARM64.ActiveCfg = Debug|Any CPU
		{B0C7DA5D-C094-42C4-84C9-FE276F349351}.Debug|ARM64.Build.0 = Debug|Any CPU
		{B0C7DA5D-C094-42C4-84C9-FE276F349351}.Debug|x64.ActiveCfg = Debug|Any CPU
		{B0C7DA5D-C094-42C4-84C9-FE276F349351}.Debug|x64.Build.0 = Debug|Any CPU
		{B0C7DA5D-C094-42C4-84C9-FE276F349351}.Debug|x86.ActiveCfg = Debug|Any CPU
		{B0C7DA5D-C094-42C4-84C9-FE276F349351}.Debug|x86.Build.0 = Debug|Any CPU
		{B0C7DA5D-C094-42C4-84C9-FE276F349351}.Release|Any CPU.ActiveCfg = Release|Any CPU
		{B0C7DA5D-C094-42C4-84C9-FE276F349351}.Release|Any CPU.Build.0 = Release|Any CPU
		{B0C7DA5D-C094-42C4-84C9-FE276F349351}.Release|ARM.ActiveCfg = Release|Any CPU
		{B0C7DA5D-C094-42C4-84C9-FE276F349351}.Release|ARM.Build.0 = Release|Any CPU
		{B0C7DA5D-C094-42C4-84C9-FE276F349351}.Release|ARM64.ActiveCfg = Release|Any CPU
		{B0C7DA5D-C094-42C4-84C9-FE276F349351}.Release|ARM64.Build.0 = Release|Any CPU
		{B0C7DA5D-C094-42C4-84C9-FE276F349351}.Release|x64.ActiveCfg = Release|Any CPU
		{B0C7DA5D-C094-42C4-84C9-FE276F349351}.Release|x64.Build.0 = Release|Any CPU
		{B0C7DA5D-C094-42C4-84C9-FE276F349351}.Release|x86.ActiveCfg = Release|Any CPU
		{B0C7DA5D-C094-42C4-84C9-FE276F349351}.Release|x86.Build.0 = Release|Any CPU
		{C7BB077E-DBDF-4DE3-AC7C-BCAC5CB9388D}.Debug|Any CPU.ActiveCfg = Debug|Any CPU
		{C7BB077E-DBDF-4DE3-AC7C-BCAC5CB9388D}.Debug|Any CPU.Build.0 = Debug|Any CPU
		{C7BB077E-DBDF-4DE3-AC7C-BCAC5CB9388D}.Debug|ARM.ActiveCfg = Debug|Any CPU
		{C7BB077E-DBDF-4DE3-AC7C-BCAC5CB9388D}.Debug|ARM.Build.0 = Debug|Any CPU
		{C7BB077E-DBDF-4DE3-AC7C-BCAC5CB9388D}.Debug|ARM64.ActiveCfg = Debug|Any CPU
		{C7BB077E-DBDF-4DE3-AC7C-BCAC5CB9388D}.Debug|ARM64.Build.0 = Debug|Any CPU
		{C7BB077E-DBDF-4DE3-AC7C-BCAC5CB9388D}.Debug|x64.ActiveCfg = Debug|Any CPU
		{C7BB077E-DBDF-4DE3-AC7C-BCAC5CB9388D}.Debug|x64.Build.0 = Debug|Any CPU
		{C7BB077E-DBDF-4DE3-AC7C-BCAC5CB9388D}.Debug|x86.ActiveCfg = Debug|Any CPU
		{C7BB077E-DBDF-4DE3-AC7C-BCAC5CB9388D}.Debug|x86.Build.0 = Debug|Any CPU
		{C7BB077E-DBDF-4DE3-AC7C-BCAC5CB9388D}.Release|Any CPU.ActiveCfg = Release|Any CPU
		{C7BB077E-DBDF-4DE3-AC7C-BCAC5CB9388D}.Release|Any CPU.Build.0 = Release|Any CPU
		{C7BB077E-DBDF-4DE3-AC7C-BCAC5CB9388D}.Release|ARM.ActiveCfg = Release|Any CPU
		{C7BB077E-DBDF-4DE3-AC7C-BCAC5CB9388D}.Release|ARM.Build.0 = Release|Any CPU
		{C7BB077E-DBDF-4DE3-AC7C-BCAC5CB9388D}.Release|ARM64.ActiveCfg = Release|Any CPU
		{C7BB077E-DBDF-4DE3-AC7C-BCAC5CB9388D}.Release|ARM64.Build.0 = Release|Any CPU
		{C7BB077E-DBDF-4DE3-AC7C-BCAC5CB9388D}.Release|x64.ActiveCfg = Release|Any CPU
		{C7BB077E-DBDF-4DE3-AC7C-BCAC5CB9388D}.Release|x64.Build.0 = Release|Any CPU
		{C7BB077E-DBDF-4DE3-AC7C-BCAC5CB9388D}.Release|x86.ActiveCfg = Release|Any CPU
		{C7BB077E-DBDF-4DE3-AC7C-BCAC5CB9388D}.Release|x86.Build.0 = Release|Any CPU
		{48B7591B-352B-4035-BA61-D60D2EA00296}.Debug|Any CPU.ActiveCfg = Debug|Any CPU
		{48B7591B-352B-4035-BA61-D60D2EA00296}.Debug|Any CPU.Build.0 = Debug|Any CPU
		{48B7591B-352B-4035-BA61-D60D2EA00296}.Debug|ARM.ActiveCfg = Debug|Any CPU
		{48B7591B-352B-4035-BA61-D60D2EA00296}.Debug|ARM.Build.0 = Debug|Any CPU
		{48B7591B-352B-4035-BA61-D60D2EA00296}.Debug|ARM64.ActiveCfg = Debug|Any CPU
		{48B7591B-352B-4035-BA61-D60D2EA00296}.Debug|ARM64.Build.0 = Debug|Any CPU
		{48B7591B-352B-4035-BA61-D60D2EA00296}.Debug|x64.ActiveCfg = Debug|Any CPU
		{48B7591B-352B-4035-BA61-D60D2EA00296}.Debug|x64.Build.0 = Debug|Any CPU
		{48B7591B-352B-4035-BA61-D60D2EA00296}.Debug|x86.ActiveCfg = Debug|Any CPU
		{48B7591B-352B-4035-BA61-D60D2EA00296}.Debug|x86.Build.0 = Debug|Any CPU
		{48B7591B-352B-4035-BA61-D60D2EA00296}.Release|Any CPU.ActiveCfg = Release|Any CPU
		{48B7591B-352B-4035-BA61-D60D2EA00296}.Release|Any CPU.Build.0 = Release|Any CPU
		{48B7591B-352B-4035-BA61-D60D2EA00296}.Release|ARM.ActiveCfg = Release|Any CPU
		{48B7591B-352B-4035-BA61-D60D2EA00296}.Release|ARM.Build.0 = Release|Any CPU
		{48B7591B-352B-4035-BA61-D60D2EA00296}.Release|ARM64.ActiveCfg = Release|Any CPU
		{48B7591B-352B-4035-BA61-D60D2EA00296}.Release|ARM64.Build.0 = Release|Any CPU
		{48B7591B-352B-4035-BA61-D60D2EA00296}.Release|x64.ActiveCfg = Release|Any CPU
		{48B7591B-352B-4035-BA61-D60D2EA00296}.Release|x64.Build.0 = Release|Any CPU
		{48B7591B-352B-4035-BA61-D60D2EA00296}.Release|x86.ActiveCfg = Release|Any CPU
		{48B7591B-352B-4035-BA61-D60D2EA00296}.Release|x86.Build.0 = Release|Any CPU
		{2862CCC8-7A26-44DA-A638-0E2F8D19F796}.Debug|Any CPU.ActiveCfg = Debug|Any CPU
		{2862CCC8-7A26-44DA-A638-0E2F8D19F796}.Debug|Any CPU.Build.0 = Debug|Any CPU
		{2862CCC8-7A26-44DA-A638-0E2F8D19F796}.Debug|ARM.ActiveCfg = Debug|Any CPU
		{2862CCC8-7A26-44DA-A638-0E2F8D19F796}.Debug|ARM.Build.0 = Debug|Any CPU
		{2862CCC8-7A26-44DA-A638-0E2F8D19F796}.Debug|ARM64.ActiveCfg = Debug|Any CPU
		{2862CCC8-7A26-44DA-A638-0E2F8D19F796}.Debug|ARM64.Build.0 = Debug|Any CPU
		{2862CCC8-7A26-44DA-A638-0E2F8D19F796}.Debug|x64.ActiveCfg = Debug|Any CPU
		{2862CCC8-7A26-44DA-A638-0E2F8D19F796}.Debug|x64.Build.0 = Debug|Any CPU
		{2862CCC8-7A26-44DA-A638-0E2F8D19F796}.Debug|x86.ActiveCfg = Debug|Any CPU
		{2862CCC8-7A26-44DA-A638-0E2F8D19F796}.Debug|x86.Build.0 = Debug|Any CPU
		{2862CCC8-7A26-44DA-A638-0E2F8D19F796}.Release|Any CPU.ActiveCfg = Release|Any CPU
		{2862CCC8-7A26-44DA-A638-0E2F8D19F796}.Release|Any CPU.Build.0 = Release|Any CPU
		{2862CCC8-7A26-44DA-A638-0E2F8D19F796}.Release|ARM.ActiveCfg = Release|Any CPU
		{2862CCC8-7A26-44DA-A638-0E2F8D19F796}.Release|ARM.Build.0 = Release|Any CPU
		{2862CCC8-7A26-44DA-A638-0E2F8D19F796}.Release|ARM64.ActiveCfg = Release|Any CPU
		{2862CCC8-7A26-44DA-A638-0E2F8D19F796}.Release|ARM64.Build.0 = Release|Any CPU
		{2862CCC8-7A26-44DA-A638-0E2F8D19F796}.Release|x64.ActiveCfg = Release|Any CPU
		{2862CCC8-7A26-44DA-A638-0E2F8D19F796}.Release|x64.Build.0 = Release|Any CPU
		{2862CCC8-7A26-44DA-A638-0E2F8D19F796}.Release|x86.ActiveCfg = Release|Any CPU
		{2862CCC8-7A26-44DA-A638-0E2F8D19F796}.Release|x86.Build.0 = Release|Any CPU
		{07E1601D-6E13-4556-B407-E6A72A07B7A6}.Debug|Any CPU.ActiveCfg = Debug|Any CPU
		{07E1601D-6E13-4556-B407-E6A72A07B7A6}.Debug|Any CPU.Build.0 = Debug|Any CPU
		{07E1601D-6E13-4556-B407-E6A72A07B7A6}.Debug|ARM.ActiveCfg = Debug|Any CPU
		{07E1601D-6E13-4556-B407-E6A72A07B7A6}.Debug|ARM.Build.0 = Debug|Any CPU
		{07E1601D-6E13-4556-B407-E6A72A07B7A6}.Debug|ARM64.ActiveCfg = Debug|Any CPU
		{07E1601D-6E13-4556-B407-E6A72A07B7A6}.Debug|ARM64.Build.0 = Debug|Any CPU
		{07E1601D-6E13-4556-B407-E6A72A07B7A6}.Debug|x64.ActiveCfg = Debug|Any CPU
		{07E1601D-6E13-4556-B407-E6A72A07B7A6}.Debug|x64.Build.0 = Debug|Any CPU
		{07E1601D-6E13-4556-B407-E6A72A07B7A6}.Debug|x86.ActiveCfg = Debug|Any CPU
		{07E1601D-6E13-4556-B407-E6A72A07B7A6}.Debug|x86.Build.0 = Debug|Any CPU
		{07E1601D-6E13-4556-B407-E6A72A07B7A6}.Release|Any CPU.ActiveCfg = Release|Any CPU
		{07E1601D-6E13-4556-B407-E6A72A07B7A6}.Release|Any CPU.Build.0 = Release|Any CPU
		{07E1601D-6E13-4556-B407-E6A72A07B7A6}.Release|ARM.ActiveCfg = Release|Any CPU
		{07E1601D-6E13-4556-B407-E6A72A07B7A6}.Release|ARM.Build.0 = Release|Any CPU
		{07E1601D-6E13-4556-B407-E6A72A07B7A6}.Release|ARM64.ActiveCfg = Release|Any CPU
		{07E1601D-6E13-4556-B407-E6A72A07B7A6}.Release|ARM64.Build.0 = Release|Any CPU
		{07E1601D-6E13-4556-B407-E6A72A07B7A6}.Release|x64.ActiveCfg = Release|Any CPU
		{07E1601D-6E13-4556-B407-E6A72A07B7A6}.Release|x64.Build.0 = Release|Any CPU
		{07E1601D-6E13-4556-B407-E6A72A07B7A6}.Release|x86.ActiveCfg = Release|Any CPU
		{07E1601D-6E13-4556-B407-E6A72A07B7A6}.Release|x86.Build.0 = Release|Any CPU
	EndGlobalSection
	GlobalSection(SolutionProperties) = preSolution
		HideSolutionNode = FALSE
	EndGlobalSection
	GlobalSection(NestedProjects) = preSolution
		{6C6E31B3-3984-4C67-B16D-5DF956A0E2EA} = {9745D504-87A1-4170-B52E-00029AF558D6}
		{88B8891D-09A6-475A-A8C1-5B519640C0C3} = {9745D504-87A1-4170-B52E-00029AF558D6}
		{778B45F0-792D-459D-AC9E-6C84B43B300B} = {9745D504-87A1-4170-B52E-00029AF558D6}
	EndGlobalSection
	GlobalSection(ExtensibilityGlobals) = postSolution
		SolutionGuid = {78AD8656-7114-48A8-9E78-2B8CF453CA8A}
	EndGlobalSection
EndGlobal
